
Microsoft Visual Studio Solution File, Format Version 12.00
# Visual Studio Version 17
VisualStudioVersion = 17.4.33213.308
MinimumVisualStudioVersion = 10.0.40219.1
Project("{9A19103F-16F7-4668-BE54-9A1E7A4F7556}") = "TestProject1", "TestProject1\TestProject1.csproj", "{7265B5BD-9B71-470C-9A79-83DE3011970C}"
EndProject
Project("{FAE04EC0-301F-11D3-BF4B-00C04F79EFBC}") = "TestProject2", "TestProject2\TestProject2.csproj", "{8620D6A6-52EA-4C2A-B95A-A51F13301709}"
EndProject
Global
	GlobalSection(SolutionConfigurationPlatforms) = preSolution
		Debug|Any CPU = Debug|Any CPU
		Release|Any CPU = Release|Any CPU
	EndGlobalSection
	GlobalSection(ProjectConfigurationPlatforms) = postSolution
		{7265B5BD-9B71-470C-9A79-83DE3011970C}.Debug|Any CPU.ActiveCfg = Debug|Any CPU
		{7265B5BD-9B71-470C-9A79-83DE3011970C}.Debug|Any CPU.Build.0 = Debug|Any CPU
		{7265B5BD-9B71-470C-9A79-83DE3011970C}.Release|Any CPU.ActiveCfg = Release|Any CPU
		{7265B5BD-9B71-470C-9A79-83DE3011970C}.Release|Any CPU.Build.0 = Release|Any CPU
		{8620D6A6-52EA-4C2A-B95A-A51F13301709}.Debug|Any CPU.ActiveCfg = Debug|Any CPU
		{8620D6A6-52EA-4C2A-B95A-A51F13301709}.Debug|Any CPU.Build.0 = Debug|Any CPU
		{8620D6A6-52EA-4C2A-B95A-A51F13301709}.Release|Any CPU.ActiveCfg = Release|Any CPU
		{8620D6A6-52EA-4C2A-B95A-A51F13301709}.Release|Any CPU.Build.0 = Release|Any CPU
	EndGlobalSection
	GlobalSection(SolutionProperties) = preSolution
		HideSolutionNode = FALSE
	EndGlobalSection
	GlobalSection(ExtensibilityGlobals) = postSolution
		SolutionGuid = {D9ABD00C-B0C4-40BB-B406-BD01328228AF}
	EndGlobalSection
EndGlobal
